
Microsoft Visual Studio Solution File, Format Version 12.00
# Visual Studio Version 16
VisualStudioVersion = 16.0.30711.63
MinimumVisualStudioVersion = 10.0.40219.1
Project("{FAE04EC0-301F-11D3-BF4B-00C04F79EFBC}") = "VET.Site", "VET.Site.csproj", "{3E12D2FF-120C-4E78-96F9-E0372E95786F}"
EndProject
Global
	GlobalSection(SolutionConfigurationPlatforms) = preSolution
		Debug|Any CPU = Debug|Any CPU
		Release|Any CPU = Release|Any CPU
	EndGlobalSection
	GlobalSection(ProjectConfigurationPlatforms) = postSolution
		{3E12D2FF-120C-4E78-96F9-E0372E95786F}.Debug|Any CPU.ActiveCfg = Debug|Any CPU
		{3E12D2FF-120C-4E78-96F9-E0372E95786F}.Debug|Any CPU.Build.0 = Debug|Any CPU
		{3E12D2FF-120C-4E78-96F9-E0372E95786F}.Release|Any CPU.ActiveCfg = Release|Any CPU
		{3E12D2FF-120C-4E78-96F9-E0372E95786F}.Release|Any CPU.Build.0 = Release|Any CPU
	EndGlobalSection
	GlobalSection(SolutionProperties) = preSolution
		HideSolutionNode = FALSE
	EndGlobalSection
	GlobalSection(ExtensibilityGlobals) = postSolution
		SolutionGuid = {419C5216-A250-4913-86C3-D7EE23B3FCF6}
	EndGlobalSection
EndGlobal
